
Microsoft Visual Studio Solution File, Format Version 12.00
# Visual Studio Version 17
VisualStudioVersion = 17.8.34330.188
MinimumVisualStudioVersion = 10.0.40219.1
Project("{FAE04EC0-301F-11D3-BF4B-00C04F79EFBC}") = "Lang2Json", "Lang2Json\Lang2Json.csproj", "{3E7BA431-AF15-4A67-8AB4-D0F40ACB989B}"
EndProject
Global
	GlobalSection(SolutionConfigurationPlatforms) = preSolution
		Debug|Any CPU = Debug|Any CPU
		Release|Any CPU = Release|Any CPU
	EndGlobalSection
	GlobalSection(ProjectConfigurationPlatforms) = postSolution
		{3E7BA431-AF15-4A67-8AB4-D0F40ACB989B}.Debug|Any CPU.ActiveCfg = Debug|Any CPU
		{3E7BA431-AF15-4A67-8AB4-D0F40ACB989B}.Debug|Any CPU.Build.0 = Debug|Any CPU
		{3E7BA431-AF15-4A67-8AB4-D0F40ACB989B}.Release|Any CPU.ActiveCfg = Release|Any CPU
		{3E7BA431-AF15-4A67-8AB4-D0F40ACB989B}.Release|Any CPU.Build.0 = Release|Any CPU
	EndGlobalSection
	GlobalSection(SolutionProperties) = preSolution
		HideSolutionNode = FALSE
	EndGlobalSection
	GlobalSection(ExtensibilityGlobals) = postSolution
		SolutionGuid = {3830C13F-8CCA-46DD-85DA-EECAFE753E36}
	EndGlobalSection
EndGlobal
